# THIS IS AN AUTOGENERATED FILE. DO NOT EDIT THIS FILE DIRECTLY.
# yarn lockfile v1


"@apollo/client@^3.4.17":
  version "3.4.17"
  resolved "https://registry.npmmirror.com/@apollo/client/download/@apollo/client-3.4.17.tgz#4972e19a49809e16d17c5adc67f45623a6dac135"
  integrity sha512-MDt2rwMX1GqodiVEKJqmDmAz8xr0qJmq5PdWeIt0yDaT4GOkKYWZiWkyfhfv3raTk8PyJvbsNG9q2CqmUrlGfg==
  dependencies:
    "@graphql-typed-document-node/core" "^3.0.0"
    "@wry/context" "^0.6.0"
    "@wry/equality" "^0.5.0"
    "@wry/trie" "^0.3.0"
    graphql-tag "^2.12.3"
    hoist-non-react-statics "^3.3.2"
    optimism "^0.16.1"
    prop-types "^15.7.2"
    symbol-observable "^4.0.0"
    ts-invariant "^0.9.0"
    tslib "^2.3.0"
    zen-observable-ts "~1.1.0"

"@babel/runtime@^7.16.0", "@babel/runtime@^7.16.3":
  version "7.16.3"
  resolved "https://registry.npmmirror.com/@babel/runtime/download/@babel/runtime-7.16.3.tgz?cache=0&sync_timestamp=1636495059115&other_urls=https%3A%2F%2Fregistry.npmmirror.com%2F%40babel%2Fruntime%2Fdownload%2F%40babel%2Fruntime-7.16.3.tgz#b86f0db02a04187a3c17caa77de69840165d42d5"
  integrity sha512-WBwekcqacdY2e9AF/Q7WLFUWmdJGJTkbjqTjoMDgXkVZ3ZRUvOPsLb5KdwISoQVsbP+DQzVZW4Zhci0DvpbNTQ==
  dependencies:
    regenerator-runtime "^0.13.4"

"@graphql-typed-document-node/core@^3.0.0":
  version "3.1.1"
  resolved "https://registry.npmmirror.com/@graphql-typed-document-node/core/download/@graphql-typed-document-node/core-3.1.1.tgz#076d78ce99822258cf813ecc1e7fa460fa74d052"
  integrity sha512-NQ17ii0rK1b34VZonlmT2QMJFI70m0TRwbknO/ihlbatXyaktDhN/98vBiUU6kNBPljqGqyIrl2T4nY2RpFANg==

"@polkadot/api-contract@^6.8.1":
  version "6.8.1"
  resolved "https://registry.npmmirror.com/@polkadot/api-contract/download/@polkadot/api-contract-6.8.1.tgz#7f330dcc1307199fd1458fe69c86e0ea1fea750f"
  integrity sha512-z+UXde1Ts6vBeD+UUB8gs29f3En7rthFLEtKbEVOgBAIOxY+EPyyK2dNOp7r22WOXgPMP0TfD1jj233qB5LIyQ==
  dependencies:
    "@babel/runtime" "^7.16.0"
    "@polkadot/api" "6.8.1"
    "@polkadot/types" "6.8.1"
    "@polkadot/util" "^7.8.2"
    rxjs "^7.4.0"

"@polkadot/api-derive@6.8.1":
  version "6.8.1"
  resolved "https://registry.npmmirror.com/@polkadot/api-derive/download/@polkadot/api-derive-6.8.1.tgz#5a94fa5f2fe2101a8319e9da2dd607c28733fdc7"
  integrity sha512-PKSXHZXScPejhkWOdFE/B30zyZ7Zkieq6ImDl3ramVPWvj6acqadsyrFvcbTCh2fb0Bc1loa+VnkH1O03weU/w==
  dependencies:
    "@babel/runtime" "^7.16.0"
    "@polkadot/api" "6.8.1"
    "@polkadot/rpc-core" "6.8.1"
    "@polkadot/types" "6.8.1"
    "@polkadot/util" "^7.8.2"
    "@polkadot/util-crypto" "^7.8.2"
    rxjs "^7.4.0"

"@polkadot/api@6.8.1", "@polkadot/api@^6.8.1":
  version "6.8.1"
  resolved "https://registry.npmmirror.com/@polkadot/api/download/@polkadot/api-6.8.1.tgz#966337feebb65d89dc2191599242c35d9b6cf3e4"
  integrity sha512-XJmSx5NYKrrj1FJmt8AQEhI7TW+5bb5Y3tnFTYc6D1QemxLKt1bP1H+z1zfTO3TWvS0PUtSN36dvrgn4xPELHw==
  dependencies:
    "@babel/runtime" "^7.16.0"
    "@polkadot/api-derive" "6.8.1"
    "@polkadot/keyring" "^7.8.2"
    "@polkadot/rpc-core" "6.8.1"
    "@polkadot/rpc-provider" "6.8.1"
    "@polkadot/types" "6.8.1"
    "@polkadot/types-known" "6.8.1"
    "@polkadot/util" "^7.8.2"
    "@polkadot/util-crypto" "^7.8.2"
    eventemitter3 "^4.0.7"
    rxjs "^7.4.0"

"@polkadot/keyring@^7.8.2":
  version "7.8.2"
  resolved "https://registry.npmmirror.com/@polkadot/keyring/download/@polkadot/keyring-7.8.2.tgz#c4d1a3c6cb9b07a659558f4869d92e00f6420208"
  integrity sha1-xNGjxsubB6ZZVY9IadkuAPZCAgg=
  dependencies:
    "@babel/runtime" "^7.16.0"
    "@polkadot/util" "7.8.2"
    "@polkadot/util-crypto" "7.8.2"

"@polkadot/networks@7.8.2", "@polkadot/networks@^7.8.2":
  version "7.8.2"
  resolved "https://registry.npmmirror.com/@polkadot/networks/download/@polkadot/networks-7.8.2.tgz#24bc6f946069395c08a24da65c848f7158fb7abf"
  integrity sha1-JLxvlGBpOVwIok2mXISPcVj7er8=
  dependencies:
    "@babel/runtime" "^7.16.0"

"@polkadot/rpc-core@6.8.1":
  version "6.8.1"
  resolved "https://registry.npmmirror.com/@polkadot/rpc-core/download/@polkadot/rpc-core-6.8.1.tgz#c6db07b9632584995d6a9cf6640070b59aef8cc1"
  integrity sha512-GblH3bTLDo7RCvHlazH+A/rWNyqgUvdOz5hZzMpshBxo2fJCNhPi3jA36C3IewK/pN73P3NLmzC392htuJelBg==
  dependencies:
    "@babel/runtime" "^7.16.0"
    "@polkadot/rpc-provider" "6.8.1"
    "@polkadot/types" "6.8.1"
    "@polkadot/util" "^7.8.2"
    rxjs "^7.4.0"

"@polkadot/rpc-provider@6.8.1":
  version "6.8.1"
  resolved "https://registry.npmmirror.com/@polkadot/rpc-provider/download/@polkadot/rpc-provider-6.8.1.tgz#d21deb02818af9d2d72c12a92ab2286d7b2ee900"
  integrity sha512-j8G3ZGaKn4gC/xoUORjMps30QzL8O+iKnS/D3v2ysKGf6PqQ/DDEii0pfJzS4LEvSqIXqo/O2sm5rFY8SfJHNg==
  dependencies:
    "@babel/runtime" "^7.16.0"
    "@polkadot/types" "6.8.1"
    "@polkadot/util" "^7.8.2"
    "@polkadot/util-crypto" "^7.8.2"
    "@polkadot/x-fetch" "^7.8.2"
    "@polkadot/x-global" "^7.8.2"
    "@polkadot/x-ws" "^7.8.2"
    eventemitter3 "^4.0.7"

"@polkadot/types-known@6.8.1":
  version "6.8.1"
  resolved "https://registry.npmmirror.com/@polkadot/types-known/download/@polkadot/types-known-6.8.1.tgz#65b8cb819f568dd5eda9fae97c7c2c93f2ca9386"
  integrity sha512-Vhcd0ZOf0eOzPJI+IX/oYQjHw5VEcGuhH0up+SlUsxLlZvSFtZhrf7nchfZoAGKDTWPT4RIzxLLsWhjjYhAu6A==
  dependencies:
    "@babel/runtime" "^7.16.0"
    "@polkadot/networks" "^7.8.2"
    "@polkadot/types" "6.8.1"
    "@polkadot/util" "^7.8.2"

"@polkadot/types@6.8.1":
  version "6.8.1"
  resolved "https://registry.npmmirror.com/@polkadot/types/download/@polkadot/types-6.8.1.tgz#9798063ee1f54b6b7be8e9cd755d46b1efd77fcc"
  integrity sha512-MX7OQhGCaDLu29mu+uRkZhufqel1tCZKaPEBM5uk+mud6UCdZ5NHQb0wfr7d5oYxpj9GmWxALCmNMlRQa0172g==
  dependencies:
    "@babel/runtime" "^7.16.0"
    "@polkadot/util" "^7.8.2"
    "@polkadot/util-crypto" "^7.8.2"
    rxjs "^7.4.0"

"@polkadot/util-crypto@7.8.2", "@polkadot/util-crypto@^7.8.2":
  version "7.8.2"
  resolved "https://registry.npmmirror.com/@polkadot/util-crypto/download/@polkadot/util-crypto-7.8.2.tgz#8fdf177793b00eced2d132ce03b0a9c0b0d1441b"
  integrity sha1-j98Xd5OwDs7S0TLOA7CpwLDRRBs=
  dependencies:
    "@babel/runtime" "^7.16.0"
    "@polkadot/networks" "7.8.2"
    "@polkadot/util" "7.8.2"
    "@polkadot/wasm-crypto" "^4.2.1"
    "@polkadot/x-randomvalues" "7.8.2"
    base-x "^3.0.9"
    base64-js "^1.5.1"
    blakejs "^1.1.1"
    bn.js "^4.12.0"
    create-hash "^1.2.0"
    ed2curve "^0.3.0"
    elliptic "^6.5.4"
    hash.js "^1.1.7"
    js-sha3 "^0.8.0"
    scryptsy "^2.1.0"
    tweetnacl "^1.0.3"
    xxhashjs "^0.2.2"

"@polkadot/util@7.8.2", "@polkadot/util@^7.8.2":
  version "7.8.2"
  resolved "https://registry.npmmirror.com/@polkadot/util/download/@polkadot/util-7.8.2.tgz#7d42e4981fdec6f032f29602400b966ddababf03"
  integrity sha1-fULkmB/exvAy8pYCQAuWbdq6vwM=
  dependencies:
    "@babel/runtime" "^7.16.0"
    "@polkadot/x-textdecoder" "7.8.2"
    "@polkadot/x-textencoder" "7.8.2"
    "@types/bn.js" "^4.11.6"
    bn.js "^4.12.0"
    camelcase "^6.2.0"
    ip-regex "^4.3.0"

"@polkadot/wasm-crypto-asmjs@^4.3.1":
  version "4.3.1"
  resolved "https://registry.npmmirror.com/@polkadot/wasm-crypto-asmjs/download/@polkadot/wasm-crypto-asmjs-4.3.1.tgz#a66e234b54ab6bf00069fd0167d4554ce348b7fc"
  integrity sha512-syU6ORwWcbyBYOEXS5/3arBFWTduYqpmJeFidg22e8ZbnzA50iiwB8pWN7Skhlyg22ymUAaST9y3DNAMBOmmfw==
  dependencies:
    "@babel/runtime" "^7.16.3"

"@polkadot/wasm-crypto-wasm@^4.3.1":
  version "4.3.1"
  resolved "https://registry.npmmirror.com/@polkadot/wasm-crypto-wasm/download/@polkadot/wasm-crypto-wasm-4.3.1.tgz#70e5f8e8fbf78aecff99c6d6522ec2e60fc456c8"
  integrity sha512-WTWUAQgKPk8B9f9zi34SXVhSuHUIVicCZT9Id8/Lov9kGw/9Tctcnjj1uUmXSNj9YsvIfSfh7sMopULuqRUIIw==
  dependencies:
    "@babel/runtime" "^7.16.3"

"@polkadot/wasm-crypto@^4.2.1":
  version "4.3.1"
  resolved "https://registry.npmmirror.com/@polkadot/wasm-crypto/download/@polkadot/wasm-crypto-4.3.1.tgz#130ae3b18a96f5be0c80d0b19697ae87db1c408a"
  integrity sha512-O1YrOsv+B9JLtFDc3Immr2WPWVKHsxGxWjDO7qYDB7VyYP2hVVZ7Cc4NyCwZV/qsklIX7FLMRIcsS5XevL+8aQ==
  dependencies:
    "@babel/runtime" "^7.16.3"
    "@polkadot/wasm-crypto-asmjs" "^4.3.1"
    "@polkadot/wasm-crypto-wasm" "^4.3.1"

"@polkadot/x-fetch@^7.8.2":
  version "7.8.2"
  resolved "https://registry.npmmirror.com/@polkadot/x-fetch/download/@polkadot/x-fetch-7.8.2.tgz#50912bc547a3063215843aa335770bbf9b974d09"
  integrity sha1-UJErxUejBjIVhDqjNXcLv5uXTQk=
  dependencies:
    "@babel/runtime" "^7.16.0"
    "@polkadot/x-global" "7.8.2"
    "@types/node-fetch" "^2.5.12"
    node-fetch "^2.6.6"

"@polkadot/x-global@7.8.2", "@polkadot/x-global@^7.8.2":
  version "7.8.2"
  resolved "https://registry.npmmirror.com/@polkadot/x-global/download/@polkadot/x-global-7.8.2.tgz#bc15bfd46e78b8a97622e07824f1e75566f3cb3a"
  integrity sha1-vBW/1G54uKl2IuB4JPHnVWbzyzo=
  dependencies:
    "@babel/runtime" "^7.16.0"

"@polkadot/x-randomvalues@7.8.2":
  version "7.8.2"
  resolved "https://registry.npmmirror.com/@polkadot/x-randomvalues/download/@polkadot/x-randomvalues-7.8.2.tgz#b24f261882f87bfa9c45f509d009aaf26037d1d8"
  integrity sha1-sk8mGIL4e/qcRfUJ0Amq8mA30dg=
  dependencies:
    "@babel/runtime" "^7.16.0"
    "@polkadot/x-global" "7.8.2"

"@polkadot/x-textdecoder@7.8.2":
  version "7.8.2"
  resolved "https://registry.npmmirror.com/@polkadot/x-textdecoder/download/@polkadot/x-textdecoder-7.8.2.tgz#b58fcaf5f4ea6dbe52117086053a022f63f5a79c"
  integrity sha1-tY/K9fTqbb5SEXCGBToCL2P1p5w=
  dependencies:
    "@babel/runtime" "^7.16.0"
    "@polkadot/x-global" "7.8.2"

"@polkadot/x-textencoder@7.8.2":
  version "7.8.2"
  resolved "https://registry.npmmirror.com/@polkadot/x-textencoder/download/@polkadot/x-textencoder-7.8.2.tgz#5cb52fd93a1cbc0fd2dae2ebba4cb2953750c266"
  integrity sha1-XLUv2TocvA/S2uLrukyylTdQwmY=
  dependencies:
    "@babel/runtime" "^7.16.0"
    "@polkadot/x-global" "7.8.2"

"@polkadot/x-ws@^7.8.2":
  version "7.8.2"
  resolved "https://registry.npmmirror.com/@polkadot/x-ws/download/@polkadot/x-ws-7.8.2.tgz#8a9dce26603b70c5e6cd8f4edd500959315311ce"
  integrity sha1-ip3OJmA7cMXmzY9O3VAJWTFTEc4=
  dependencies:
    "@babel/runtime" "^7.16.0"
    "@polkadot/x-global" "7.8.2"
    "@types/websocket" "^1.0.4"
    websocket "^1.0.34"

"@types/bn.js@^4.11.6":
  version "4.11.6"
  resolved "https://registry.npmmirror.com/@types/bn.js/download/@types/bn.js-4.11.6.tgz#c306c70d9358aaea33cd4eda092a742b9505967c"
  integrity sha1-wwbHDZNYquozzU7aCSp0K5UFlnw=
  dependencies:
    "@types/node" "*"

"@types/node-fetch@^2.5.12":
  version "2.5.12"
  resolved "https://registry.nlark.com/@types/node-fetch/download/@types/node-fetch-2.5.12.tgz?cache=0&sync_timestamp=1630688520171&other_urls=https%3A%2F%2Fregistry.nlark.com%2F%40types%2Fnode-fetch%2Fdownload%2F%40types%2Fnode-fetch-2.5.12.tgz#8a6f779b1d4e60b7a57fb6fd48d84fb545b9cc66"
  integrity sha1-im93mx1OYLelf7b9SNhPtUW5zGY=
  dependencies:
    "@types/node" "*"
    form-data "^3.0.0"

"@types/node@*":
  version "16.11.9"
  resolved "https://registry.npmmirror.com/@types/node/download/@types/node-16.11.9.tgz#879be3ad7af29f4c1a5c433421bf99fab7047185"
  integrity sha512-MKmdASMf3LtPzwLyRrFjtFFZ48cMf8jmX5VRYrDQiJa8Ybu5VAmkqBWqKU8fdCwD8ysw4mQ9nrEHvzg6gunR7A==

"@types/websocket@^1.0.4":
  version "1.0.4"
  resolved "https://registry.npmmirror.com/@types/websocket/download/@types/websocket-1.0.4.tgz#1dc497280d8049a5450854dd698ee7e6ea9e60b8"
  integrity sha1-HcSXKA2ASaVFCFTdaY7n5uqeYLg=
  dependencies:
    "@types/node" "*"

"@types/zen-observable@0.8.3":
  version "0.8.3"
  resolved "https://registry.npmmirror.com/@types/zen-observable/download/@types/zen-observable-0.8.3.tgz#781d360c282436494b32fe7d9f7f8e64b3118aa3"
  integrity sha1-eB02DCgkNklLMv59n3+OZLMRiqM=

"@wry/context@^0.6.0":
  version "0.6.1"
  resolved "https://registry.nlark.com/@wry/context/download/@wry/context-0.6.1.tgz#c3c29c0ad622adb00f6a53303c4f965ee06ebeb2"
  integrity sha1-w8KcCtYirbAPalMwPE+WXuBuvrI=
  dependencies:
    tslib "^2.3.0"

"@wry/equality@^0.5.0":
  version "0.5.2"
  resolved "https://registry.nlark.com/@wry/equality/download/@wry/equality-0.5.2.tgz#72c8a7a7d884dff30b612f4f8464eba26c080e73"
  integrity sha1-csinp9iE3/MLYS9PhGTromwIDnM=
  dependencies:
    tslib "^2.3.0"

"@wry/trie@^0.3.0":
  version "0.3.1"
  resolved "https://registry.nlark.com/@wry/trie/download/@wry/trie-0.3.1.tgz#2279b790f15032f8bcea7fc944d27988e5b3b139"
  integrity sha1-Inm3kPFQMvi86n/JRNJ5iOWzsTk=
  dependencies:
    tslib "^2.3.0"

asynckit@^0.4.0:
  version "0.4.0"
  resolved "https://registry.nlark.com/asynckit/download/asynckit-0.4.0.tgz#c79ed97f7f34cb8f2ba1bc9790bcc366474b4b79"
  integrity sha1-x57Zf380y48robyXkLzDZkdLS3k=

axios@^0.24.0:
  version "0.24.0"
  resolved "https://registry.npmmirror.com/axios/download/axios-0.24.0.tgz?cache=0&sync_timestamp=1635213986012&other_urls=https%3A%2F%2Fregistry.npmmirror.com%2Faxios%2Fdownload%2Faxios-0.24.0.tgz#804e6fa1e4b9c5288501dd9dff56a7a0940d20d6"
  integrity sha1-gE5voeS5xSiFAd2d/1anoJQNINY=
  dependencies:
    follow-redirects "^1.14.4"

base-x@^3.0.9:
  version "3.0.9"
  resolved "https://registry.npmmirror.com/base-x/download/base-x-3.0.9.tgz#6349aaabb58526332de9f60995e548a53fe21320"
  integrity sha1-Y0mqq7WFJjMt6fYJleVIpT/iEyA=
  dependencies:
    safe-buffer "^5.0.1"

base64-js@^1.5.1:
  version "1.5.1"
  resolved "https://registry.nlark.com/base64-js/download/base64-js-1.5.1.tgz#1b1b440160a5bf7ad40b650f095963481903930a"
  integrity sha1-GxtEAWClv3rUC2UPCVljSBkDkwo=

blakejs@^1.1.1:
  version "1.1.1"
  resolved "https://registry.nlark.com/blakejs/download/blakejs-1.1.1.tgz#bf313053978b2cd4c444a48795710be05c785702"
  integrity sha1-vzEwU5eLLNTERKSHlXEL4Fx4VwI=

bn.js@^4.11.9, bn.js@^4.12.0:
  version "4.12.0"
  resolved "https://registry.nlark.com/bn.js/download/bn.js-4.12.0.tgz#775b3f278efbb9718eec7361f483fb36fbbfea88"
  integrity sha1-d1s/J477uXGO7HNh9IP7Nvu/6og=

brorand@^1.1.0:
  version "1.1.0"
  resolved "https://registry.nlark.com/brorand/download/brorand-1.1.0.tgz#12c25efe40a45e3c323eb8675a0a0ce57b22371f"
  integrity sha1-EsJe/kCkXjwyPrhnWgoM5XsiNx8=

bufferutil@^4.0.1:
  version "4.0.5"
  resolved "https://registry.npmmirror.com/bufferutil/download/bufferutil-4.0.5.tgz?cache=0&sync_timestamp=1634144956046&other_urls=https%3A%2F%2Fregistry.npmmirror.com%2Fbufferutil%2Fdownload%2Fbufferutil-4.0.5.tgz#da9ea8166911cc276bf677b8aed2d02d31f59028"
  integrity sha1-2p6oFmkRzCdr9ne4rtLQLTH1kCg=
  dependencies:
    node-gyp-build "^4.3.0"

camelcase@^6.2.0:
  version "6.2.1"
  resolved "https://registry.npmmirror.com/camelcase/download/camelcase-6.2.1.tgz?cache=0&sync_timestamp=1636945205805&other_urls=https%3A%2F%2Fregistry.npmmirror.com%2Fcamelcase%2Fdownload%2Fcamelcase-6.2.1.tgz#250fd350cfd555d0d2160b1d51510eaf8326e86e"
  integrity sha512-tVI4q5jjFV5CavAU8DXfza/TJcZutVKo/5Foskmsqcm0MsL91moHvwiGNnqaa2o6PF/7yT5ikDRcVcl8Rj6LCA==

cipher-base@^1.0.1:
  version "1.0.4"
  resolved "https://registry.nlark.com/cipher-base/download/cipher-base-1.0.4.tgz#8760e4ecc272f4c363532f926d874aae2c1397de"
  integrity sha1-h2Dk7MJy9MNjUy+SbYdKriwTl94=
  dependencies:
    inherits "^2.0.1"
    safe-buffer "^5.0.1"

combined-stream@^1.0.8:
  version "1.0.8"
  resolved "https://registry.nlark.com/combined-stream/download/combined-stream-1.0.8.tgz#c3d45a8b34fd730631a110a8a2520682b31d5a7f"
  integrity sha1-w9RaizT9cwYxoRCoolIGgrMdWn8=
  dependencies:
    delayed-stream "~1.0.0"

create-hash@^1.2.0:
  version "1.2.0"
  resolved "https://registry.nlark.com/create-hash/download/create-hash-1.2.0.tgz#889078af11a63756bcfb59bd221996be3a9ef196"
  integrity sha1-iJB4rxGmN1a8+1m9IhmWvjqe8ZY=
  dependencies:
    cipher-base "^1.0.1"
    inherits "^2.0.1"
    md5.js "^1.3.4"
    ripemd160 "^2.0.1"
    sha.js "^2.4.0"

cuint@^0.2.2:
  version "0.2.2"
  resolved "https://registry.npm.taobao.org/cuint/download/cuint-0.2.2.tgz#408086d409550c2631155619e9fa7bcadc3b991b"
  integrity sha1-QICG1AlVDCYxFVYZ6fp7ytw7mRs=

d@1, d@^1.0.1:
  version "1.0.1"
  resolved "https://registry.npm.taobao.org/d/download/d-1.0.1.tgz#8698095372d58dbee346ffd0c7093f99f8f9eb5a"
  integrity sha1-hpgJU3LVjb7jRv/Qxwk/mfj561o=
  dependencies:
    es5-ext "^0.10.50"
    type "^1.0.1"

debug@^2.2.0:
  version "2.6.9"
  resolved "https://registry.npmmirror.com/debug/download/debug-2.6.9.tgz#5d128515df134ff327e90a4c93f4e077a536341f"
  integrity sha1-XRKFFd8TT/Mn6QpMk/Tgd6U2NB8=
  dependencies:
    ms "2.0.0"

delayed-stream@~1.0.0:
  version "1.0.0"
  resolved "https://registry.nlark.com/delayed-stream/download/delayed-stream-1.0.0.tgz#df3ae199acadfb7d440aaae0b29e2272b24ec619"
  integrity sha1-3zrhmayt+31ECqrgsp4icrJOxhk=

ed2curve@^0.3.0:
  version "0.3.0"
  resolved "https://registry.npm.taobao.org/ed2curve/download/ed2curve-0.3.0.tgz#322b575152a45305429d546b071823a93129a05d"
  integrity sha1-MitXUVKkUwVCnVRrBxgjqTEpoF0=
  dependencies:
    tweetnacl "1.x.x"

elliptic@^6.5.4:
  version "6.5.4"
  resolved "https://registry.nlark.com/elliptic/download/elliptic-6.5.4.tgz#da37cebd31e79a1367e941b592ed1fbebd58abbb"
  integrity sha1-2jfOvTHnmhNn6UG1ku0fvr1Yq7s=
  dependencies:
    bn.js "^4.11.9"
    brorand "^1.1.0"
    hash.js "^1.0.0"
    hmac-drbg "^1.0.1"
    inherits "^2.0.4"
    minimalistic-assert "^1.0.1"
    minimalistic-crypto-utils "^1.0.1"

es5-ext@^0.10.35, es5-ext@^0.10.50:
  version "0.10.53"
  resolved "https://registry.npm.taobao.org/es5-ext/download/es5-ext-0.10.53.tgz#93c5a3acfdbef275220ad72644ad02ee18368de1"
  integrity sha1-k8WjrP2+8nUiCtcmRK0C7hg2jeE=
  dependencies:
    es6-iterator "~2.0.3"
    es6-symbol "~3.1.3"
    next-tick "~1.0.0"

es6-iterator@~2.0.3:
  version "2.0.3"
  resolved "https://registry.nlark.com/es6-iterator/download/es6-iterator-2.0.3.tgz#a7de889141a05a94b0854403b2d0a0fbfa98f3b7"
  integrity sha1-p96IkUGgWpSwhUQDstCg+/qY87c=
  dependencies:
    d "1"
    es5-ext "^0.10.35"
    es6-symbol "^3.1.1"

es6-symbol@^3.1.1, es6-symbol@~3.1.3:
  version "3.1.3"
  resolved "https://registry.nlark.com/es6-symbol/download/es6-symbol-3.1.3.tgz#bad5d3c1bcdac28269f4cb331e431c78ac705d18"
  integrity sha1-utXTwbzawoJp9MszHkMceKxwXRg=
  dependencies:
    d "^1.0.1"
    ext "^1.1.2"

eventemitter3@^4.0.7:
  version "4.0.7"
  resolved "https://registry.nlark.com/eventemitter3/download/eventemitter3-4.0.7.tgz#2de9b68f6528d5644ef5c59526a1b4a07306169f"
  integrity sha1-Lem2j2Uo1WRO9cWVJqG0oHMGFp8=

ext@^1.1.2:
  version "1.6.0"
  resolved "https://registry.npmmirror.com/ext/download/ext-1.6.0.tgz?cache=0&sync_timestamp=1632477219788&other_urls=https%3A%2F%2Fregistry.npmmirror.com%2Fext%2Fdownload%2Fext-1.6.0.tgz#3871d50641e874cc172e2b53f919842d19db4c52"
  integrity sha1-OHHVBkHodMwXLitT+RmELRnbTFI=
  dependencies:
    type "^2.5.0"

follow-redirects@^1.14.4:
  version "1.14.5"
  resolved "https://registry.npmmirror.com/follow-redirects/download/follow-redirects-1.14.5.tgz#f09a5848981d3c772b5392309778523f8d85c381"
  integrity sha1-8JpYSJgdPHcrU5Iwl3hSP42Fw4E=

form-data@^3.0.0:
  version "3.0.1"
  resolved "https://registry.nlark.com/form-data/download/form-data-3.0.1.tgz#ebd53791b78356a99af9a300d4282c4d5eb9755f"
  integrity sha1-69U3kbeDVqma+aMA1CgsTV65dV8=
  dependencies:
    asynckit "^0.4.0"
    combined-stream "^1.0.8"
    mime-types "^2.1.12"

graphql-tag@^2.12.3:
  version "2.12.6"
  resolved "https://registry.npmmirror.com/graphql-tag/download/graphql-tag-2.12.6.tgz?cache=0&sync_timestamp=1636203960628&other_urls=https%3A%2F%2Fregistry.npmmirror.com%2Fgraphql-tag%2Fdownload%2Fgraphql-tag-2.12.6.tgz#d441a569c1d2537ef10ca3d1633b48725329b5f1"
  integrity sha1-1EGlacHSU37xDKPRYztIclMptfE=
  dependencies:
    tslib "^2.1.0"

graphql@^16.0.1:
  version "16.0.1"
  resolved "https://registry.npmmirror.com/graphql/download/graphql-16.0.1.tgz#93a13cd4e0e38ca8d0832e79614c8578bfd34f10"
  integrity sha1-k6E81ODjjKjQgy55YUyFeL/TTxA=

hash-base@^3.0.0:
  version "3.1.0"
  resolved "https://registry.nlark.com/hash-base/download/hash-base-3.1.0.tgz#55c381d9e06e1d2997a883b4a3fddfe7f0d3af33"
  integrity sha1-VcOB2eBuHSmXqIO0o/3f5/DTrzM=
  dependencies:
    inherits "^2.0.4"
    readable-stream "^3.6.0"
    safe-buffer "^5.2.0"

hash.js@^1.0.0, hash.js@^1.0.3, hash.js@^1.1.7:
  version "1.1.7"
  resolved "https://registry.nlark.com/hash.js/download/hash.js-1.1.7.tgz?cache=0&sync_timestamp=1622702479319&other_urls=https%3A%2F%2Fregistry.nlark.com%2Fhash.js%2Fdownload%2Fhash.js-1.1.7.tgz#0babca538e8d4ee4a0f8988d68866537a003cf42"
  integrity sha1-C6vKU46NTuSg+JiNaIZlN6ADz0I=
  dependencies:
    inherits "^2.0.3"
    minimalistic-assert "^1.0.1"

hmac-drbg@^1.0.1:
  version "1.0.1"
  resolved "https://registry.nlark.com/hmac-drbg/download/hmac-drbg-1.0.1.tgz#d2745701025a6c775a6c545793ed502fc0c649a1"
  integrity sha1-0nRXAQJabHdabFRXk+1QL8DGSaE=
  dependencies:
    hash.js "^1.0.3"
    minimalistic-assert "^1.0.0"
    minimalistic-crypto-utils "^1.0.1"

hoist-non-react-statics@^3.3.2:
  version "3.3.2"
  resolved "https://registry.nlark.com/hoist-non-react-statics/download/hoist-non-react-statics-3.3.2.tgz#ece0acaf71d62c2969c2ec59feff42a4b1a85b45"
  integrity sha1-7OCsr3HWLClpwuxZ/v9CpLGoW0U=
  dependencies:
    react-is "^16.7.0"

inherits@^2.0.1, inherits@^2.0.3, inherits@^2.0.4:
  version "2.0.4"
  resolved "https://registry.nlark.com/inherits/download/inherits-2.0.4.tgz#0fa2c64f932917c3433a0ded55363aae37416b7c"
  integrity sha1-D6LGT5MpF8NDOg3tVTY6rjdBa3w=

ip-regex@^4.3.0:
  version "4.3.0"
  resolved "https://registry.nlark.com/ip-regex/download/ip-regex-4.3.0.tgz#687275ab0f57fa76978ff8f4dddc8a23d5990db5"
  integrity sha1-aHJ1qw9X+naXj/j03dyKI9WZDbU=

is-typedarray@^1.0.0:
  version "1.0.0"
  resolved "https://registry.nlark.com/is-typedarray/download/is-typedarray-1.0.0.tgz#e479c80858df0c1b11ddda6940f96011fcda4a9a"
  integrity sha1-5HnICFjfDBsR3dppQPlgEfzaSpo=

js-sha3@^0.8.0:
  version "0.8.0"
  resolved "https://registry.npm.taobao.org/js-sha3/download/js-sha3-0.8.0.tgz#b9b7a5da73afad7dedd0f8c463954cbde6818840"
  integrity sha1-ubel2nOvrX3t0PjEY5VMveaBiEA=

"js-tokens@^3.0.0 || ^4.0.0":
  version "4.0.0"
  resolved "https://registry.nlark.com/js-tokens/download/js-tokens-4.0.0.tgz#19203fb59991df98e3a287050d4647cdeaf32499"
  integrity sha1-GSA/tZmR35jjoocFDUZHzerzJJk=

loose-envify@^1.4.0:
  version "1.4.0"
  resolved "https://registry.nlark.com/loose-envify/download/loose-envify-1.4.0.tgz#71ee51fa7be4caec1a63839f7e682d8132d30caf"
  integrity sha1-ce5R+nvkyuwaY4OffmgtgTLTDK8=
  dependencies:
    js-tokens "^3.0.0 || ^4.0.0"

md5.js@^1.3.4:
  version "1.3.5"
  resolved "https://registry.nlark.com/md5.js/download/md5.js-1.3.5.tgz#b5d07b8e3216e3e27cd728d72f70d1e6a342005f"
  integrity sha1-tdB7jjIW4+J81yjXL3DR5qNCAF8=
  dependencies:
    hash-base "^3.0.0"
    inherits "^2.0.1"
    safe-buffer "^5.1.2"

mime-db@1.51.0:
  version "1.51.0"
  resolved "https://registry.npmmirror.com/mime-db/download/mime-db-1.51.0.tgz?cache=0&sync_timestamp=1636425960296&other_urls=https%3A%2F%2Fregistry.npmmirror.com%2Fmime-db%2Fdownload%2Fmime-db-1.51.0.tgz#d9ff62451859b18342d960850dc3cfb77e63fb0c"
  integrity sha512-5y8A56jg7XVQx2mbv1lu49NR4dokRnhZYTtL+KGfaa27uq4pSTXkwQkFJl4pkRMyNFz/EtYDSkiiEHx3F7UN6g==

mime-types@^2.1.12:
  version "2.1.34"
  resolved "https://registry.npmmirror.com/mime-types/download/mime-types-2.1.34.tgz?cache=0&sync_timestamp=1636432302620&other_urls=https%3A%2F%2Fregistry.npmmirror.com%2Fmime-types%2Fdownload%2Fmime-types-2.1.34.tgz#5a712f9ec1503511a945803640fafe09d3793c24"
  integrity sha512-6cP692WwGIs9XXdOO4++N+7qjqv0rqxxVvJ3VHPh/Sc9mVZcQP+ZGhkKiTvWMQRr2tbHkJP/Yn7Y0npb3ZBs4A==
  dependencies:
    mime-db "1.51.0"

minimalistic-assert@^1.0.0, minimalistic-assert@^1.0.1:
  version "1.0.1"
  resolved "https://registry.nlark.com/minimalistic-assert/download/minimalistic-assert-1.0.1.tgz#2e194de044626d4a10e7f7fbc00ce73e83e4d5c7"
  integrity sha1-LhlN4ERibUoQ5/f7wAznPoPk1cc=

minimalistic-crypto-utils@^1.0.1:
  version "1.0.1"
  resolved "https://registry.nlark.com/minimalistic-crypto-utils/download/minimalistic-crypto-utils-1.0.1.tgz#f6c00c1c0b082246e5c4d99dfb8c7c083b2b582a"
  integrity sha1-9sAMHAsIIkblxNmd+4x8CDsrWCo=

ms@2.0.0:
  version "2.0.0"
  resolved "https://registry.npmmirror.com/ms/download/ms-2.0.0.tgz#5608aeadfc00be6c2901df5f9861788de0d597c8"
  integrity sha1-VgiurfwAvmwpAd9fmGF4jeDVl8g=

next-tick@~1.0.0:
  version "1.0.0"
  resolved "https://registry.nlark.com/next-tick/download/next-tick-1.0.0.tgz#ca86d1fe8828169b0120208e3dc8424b9db8342c"
  integrity sha1-yobR/ogoFpsBICCOPchCS524NCw=

node-fetch@^2.6.6:
  version "2.6.6"
  resolved "https://registry.npmmirror.com/node-fetch/download/node-fetch-2.6.6.tgz?cache=0&sync_timestamp=1636395469986&other_urls=https%3A%2F%2Fregistry.npmmirror.com%2Fnode-fetch%2Fdownload%2Fnode-fetch-2.6.6.tgz#1751a7c01834e8e1697758732e9efb6eeadfaf89"
  integrity sha1-F1GnwBg06OFpd1hzLp77burfr4k=
  dependencies:
    whatwg-url "^5.0.0"

node-gyp-build@^4.3.0:
  version "4.3.0"
  resolved "https://registry.nlark.com/node-gyp-build/download/node-gyp-build-4.3.0.tgz?cache=0&sync_timestamp=1631436654031&other_urls=https%3A%2F%2Fregistry.nlark.com%2Fnode-gyp-build%2Fdownload%2Fnode-gyp-build-4.3.0.tgz#9f256b03e5826150be39c764bf51e993946d71a3"
  integrity sha1-nyVrA+WCYVC+Ocdkv1Hpk5RtcaM=

object-assign@^4.1.1:
  version "4.1.1"
  resolved "https://registry.nlark.com/object-assign/download/object-assign-4.1.1.tgz?cache=0&sync_timestamp=1618846798176&other_urls=https%3A%2F%2Fregistry.nlark.com%2Fobject-assign%2Fdownload%2Fobject-assign-4.1.1.tgz#2109adc7965887cfc05cbbd442cac8bfbb360863"
  integrity sha1-IQmtx5ZYh8/AXLvUQsrIv7s2CGM=

optimism@^0.16.1:
  version "0.16.1"
  resolved "https://registry.nlark.com/optimism/download/optimism-0.16.1.tgz#7c8efc1f3179f18307b887e18c15c5b7133f6e7d"
  integrity sha1-fI78HzF58YMHuIfhjBXFtxM/bn0=
  dependencies:
    "@wry/context" "^0.6.0"
    "@wry/trie" "^0.3.0"

prop-types@^15.7.2:
  version "15.7.2"
  resolved "https://registry.nlark.com/prop-types/download/prop-types-15.7.2.tgz#52c41e75b8c87e72b9d9360e0206b99dcbffa6c5"
  integrity sha1-UsQedbjIfnK52TYOAga5ncv/psU=
  dependencies:
    loose-envify "^1.4.0"
    object-assign "^4.1.1"
    react-is "^16.8.1"

react-is@^16.7.0, react-is@^16.8.1:
  version "16.13.1"
  resolved "https://registry.npmmirror.com/react-is/download/react-is-16.13.1.tgz?cache=0&sync_timestamp=1637338596901&other_urls=https%3A%2F%2Fregistry.npmmirror.com%2Freact-is%2Fdownload%2Freact-is-16.13.1.tgz#789729a4dc36de2999dc156dd6c1d9c18cea56a4"
  integrity sha1-eJcppNw23imZ3BVt1sHZwYzqVqQ=

readable-stream@^3.6.0:
  version "3.6.0"
  resolved "https://registry.nlark.com/readable-stream/download/readable-stream-3.6.0.tgz#337bbda3adc0706bd3e024426a286d4b4b2c9198"
  integrity sha1-M3u9o63AcGvT4CRCaihtS0sskZg=
  dependencies:
    inherits "^2.0.3"
    string_decoder "^1.1.1"
    util-deprecate "^1.0.1"

regenerator-runtime@^0.13.4:
  version "0.13.9"
  resolved "https://registry.nlark.com/regenerator-runtime/download/regenerator-runtime-0.13.9.tgz#8925742a98ffd90814988d7566ad30ca3b263b52"
  integrity sha1-iSV0Kpj/2QgUmI11Zq0wyjsmO1I=

ripemd160@^2.0.1:
  version "2.0.2"
  resolved "https://registry.nlark.com/ripemd160/download/ripemd160-2.0.2.tgz#a1c1a6f624751577ba5d07914cbc92850585890c"
  integrity sha1-ocGm9iR1FXe6XQeRTLyShQWFiQw=
  dependencies:
    hash-base "^3.0.0"
    inherits "^2.0.1"

rxjs@^7.4.0:
  version "7.4.0"
  resolved "https://registry.npmmirror.com/rxjs/download/rxjs-7.4.0.tgz#a12a44d7eebf016f5ff2441b87f28c9a51cebc68"
  integrity sha1-oSpE1+6/AW9f8kQbh/KMmlHOvGg=
  dependencies:
    tslib "~2.1.0"

safe-buffer@^5.0.1, safe-buffer@^5.1.2, safe-buffer@^5.2.0, safe-buffer@~5.2.0:
  version "5.2.1"
  resolved "https://registry.nlark.com/safe-buffer/download/safe-buffer-5.2.1.tgz#1eaf9fa9bdb1fdd4ec75f58f9cdb4e6b7827eec6"
  integrity sha1-Hq+fqb2x/dTsdfWPnNtOa3gn7sY=

scryptsy@^2.1.0:
  version "2.1.0"
  resolved "https://registry.nlark.com/scryptsy/download/scryptsy-2.1.0.tgz#8d1e8d0c025b58fdd25b6fa9a0dc905ee8faa790"
  integrity sha1-jR6NDAJbWP3SW2+poNyQXuj6p5A=

sha.js@^2.4.0:
  version "2.4.11"
  resolved "https://registry.nlark.com/sha.js/download/sha.js-2.4.11.tgz#37a5cf0b81ecbc6943de109ba2960d1b26584ae7"
  integrity sha1-N6XPC4HsvGlD3hCbopYNGyZYSuc=
  dependencies:
    inherits "^2.0.1"
    safe-buffer "^5.0.1"

string_decoder@^1.1.1:
  version "1.3.0"
  resolved "https://registry.nlark.com/string_decoder/download/string_decoder-1.3.0.tgz#42f114594a46cf1a8e30b0a84f56c78c3edac21e"
  integrity sha1-QvEUWUpGzxqOMLCoT1bHjD7awh4=
  dependencies:
    safe-buffer "~5.2.0"

symbol-observable@^4.0.0:
  version "4.0.0"
  resolved "https://registry.nlark.com/symbol-observable/download/symbol-observable-4.0.0.tgz#5b425f192279e87f2f9b937ac8540d1984b39205"
  integrity sha1-W0JfGSJ56H8vm5N6yFQNGYSzkgU=

tr46@~0.0.3:
  version "0.0.3"
  resolved "https://registry.npmmirror.com/tr46/download/tr46-0.0.3.tgz#8184fd347dac9cdc185992f3a6622e14b9d9ab6a"
  integrity sha1-gYT9NH2snNwYWZLzpmIuFLnZq2o=

ts-invariant@^0.9.0:
  version "0.9.3"
  resolved "https://registry.nlark.com/ts-invariant/download/ts-invariant-0.9.3.tgz#4b41e0a80c2530a56ce4b8fd4e14183aaac0efa8"
  integrity sha1-S0HgqAwlMKVs5Lj9ThQYOqrA76g=
  dependencies:
    tslib "^2.1.0"

tslib@^2.1.0, tslib@^2.3.0:
  version "2.3.1"
  resolved "https://registry.nlark.com/tslib/download/tslib-2.3.1.tgz?cache=0&sync_timestamp=1628722580350&other_urls=https%3A%2F%2Fregistry.nlark.com%2Ftslib%2Fdownload%2Ftslib-2.3.1.tgz#e8a335add5ceae51aa261d32a490158ef042ef01"
  integrity sha1-6KM1rdXOrlGqJh0ypJAVjvBC7wE=

tslib@~2.1.0:
  version "2.1.0"
  resolved "https://registry.nlark.com/tslib/download/tslib-2.1.0.tgz#da60860f1c2ecaa5703ab7d39bc05b6bf988b97a"
  integrity sha1-2mCGDxwuyqVwOrfTm8Bba/mIuXo=

tweetnacl@1.x.x, tweetnacl@^1.0.3:
  version "1.0.3"
  resolved "https://registry.nlark.com/tweetnacl/download/tweetnacl-1.0.3.tgz#ac0af71680458d8a6378d0d0d050ab1407d35596"
  integrity sha1-rAr3FoBFjYpjeNDQ0FCrFAfTVZY=

type@^1.0.1:
  version "1.2.0"
  resolved "https://registry.nlark.com/type/download/type-1.2.0.tgz#848dd7698dafa3e54a6c479e759c4bc3f18847a0"
  integrity sha1-hI3XaY2vo+VKbEeedZxLw/GIR6A=

type@^2.5.0:
  version "2.5.0"
  resolved "https://registry.nlark.com/type/download/type-2.5.0.tgz#0a2e78c2e77907b252abe5f298c1b01c63f0db3d"
  integrity sha1-Ci54wud5B7JSq+XymMGwHGPw2z0=

typedarray-to-buffer@^3.1.5:
  version "3.1.5"
  resolved "https://registry.nlark.com/typedarray-to-buffer/download/typedarray-to-buffer-3.1.5.tgz#a97ee7a9ff42691b9f783ff1bc5112fe3fca9080"
  integrity sha1-qX7nqf9CaRufeD/xvFES/j/KkIA=
  dependencies:
    is-typedarray "^1.0.0"

utf-8-validate@^5.0.2:
  version "5.0.7"
  resolved "https://registry.npmmirror.com/utf-8-validate/download/utf-8-validate-5.0.7.tgz?cache=0&sync_timestamp=1634144956449&other_urls=https%3A%2F%2Fregistry.npmmirror.com%2Futf-8-validate%2Fdownload%2Futf-8-validate-5.0.7.tgz#c15a19a6af1f7ad9ec7ddc425747ca28c3644922"
  integrity sha1-wVoZpq8fetnsfdxCV0fKKMNkSSI=
  dependencies:
    node-gyp-build "^4.3.0"

util-deprecate@^1.0.1:
  version "1.0.2"
  resolved "https://registry.nlark.com/util-deprecate/download/util-deprecate-1.0.2.tgz#450d4dc9fa70de732762fbd2d4a28981419a0ccf"
  integrity sha1-RQ1Nyfpw3nMnYvvS1KKJgUGaDM8=

webidl-conversions@^3.0.0:
  version "3.0.1"
  resolved "https://registry.nlark.com/webidl-conversions/download/webidl-conversions-3.0.1.tgz#24534275e2a7bc6be7bc86611cc16ae0a5654871"
  integrity sha1-JFNCdeKnvGvnvIZhHMFq4KVlSHE=

websocket@^1.0.34:
  version "1.0.34"
  resolved "https://registry.nlark.com/websocket/download/websocket-1.0.34.tgz#2bdc2602c08bf2c82253b730655c0ef7dcab3111"
  integrity sha1-K9wmAsCL8sgiU7cwZVwO99yrMRE=
  dependencies:
    bufferutil "^4.0.1"
    debug "^2.2.0"
    es5-ext "^0.10.50"
    typedarray-to-buffer "^3.1.5"
    utf-8-validate "^5.0.2"
    yaeti "^0.0.6"

whatwg-url@^5.0.0:
  version "5.0.0"
  resolved "https://registry.npmmirror.com/whatwg-url/download/whatwg-url-5.0.0.tgz?cache=0&sync_timestamp=1634673865107&other_urls=https%3A%2F%2Fregistry.npmmirror.com%2Fwhatwg-url%2Fdownload%2Fwhatwg-url-5.0.0.tgz#966454e8765462e37644d3626f6742ce8b70965d"
  integrity sha1-lmRU6HZUYuN2RNNib2dCzotwll0=
  dependencies:
    tr46 "~0.0.3"
    webidl-conversions "^3.0.0"

xxhashjs@^0.2.2:
  version "0.2.2"
  resolved "https://registry.nlark.com/xxhashjs/download/xxhashjs-0.2.2.tgz#8a6251567621a1c46a5ae204da0249c7f8caa9d8"
  integrity sha1-imJRVnYhocRqWuIE2gJJx/jKqdg=
  dependencies:
    cuint "^0.2.2"

yaeti@^0.0.6:
  version "0.0.6"
  resolved "https://registry.nlark.com/yaeti/download/yaeti-0.0.6.tgz#f26f484d72684cf42bedfb76970aa1608fbf9577"
  integrity sha1-8m9ITXJoTPQr7ft2lwqhYI+/lXc=

zen-observable-ts@~1.1.0:
  version "1.1.0"
  resolved "https://registry.npmmirror.com/zen-observable-ts/download/zen-observable-ts-1.1.0.tgz?cache=0&sync_timestamp=1637187511521&other_urls=https%3A%2F%2Fregistry.npmmirror.com%2Fzen-observable-ts%2Fdownload%2Fzen-observable-ts-1.1.0.tgz#2d1aa9d79b87058e9b75698b92791c1838551f83"
  integrity sha1-LRqp15uHBY6bdWmLknkcGDhVH4M=
  dependencies:
    "@types/zen-observable" "0.8.3"
    zen-observable "0.8.15"

zen-observable@0.8.15:
  version "0.8.15"
  resolved "https://registry.npm.taobao.org/zen-observable/download/zen-observable-0.8.15.tgz#96415c512d8e3ffd920afd3889604e30b9eaac15"
  integrity sha1-lkFcUS2OP/2SCv04iWBOMLnqrBU=
